<?xml version="1.0" encoding="utf-8"?>
<Project ToolsVersion="4.0" xmlns="http://schemas.microsoft.com/developer/msbuild/2003">
  <ItemGroup>
    <Filter Include="Source Files">
      <UniqueIdentifier>{4FC737F1-C7A5-4376-A066-2A32D752A2FF}</UniqueIdentifier>
      <Extensions>cpp;c;cc;cxx;def;odl;idl;hpj;bat;asm;asmx</Extensions>
    </Filter>
    <Filter Include="Header Files">
      <UniqueIdentifier>{93995380-89BD-4b04-88EB-625FBE52EBFB}</UniqueIdentifier>
      <Extensions>h;hh;hpp;hxx;hm;inl;inc;xsd</Extensions>
    </Filter>
    <Filter Include="Resource Files">
      <UniqueIdentifier>{67DA6AB6-F800-4c08-8B7A-83BB121AAD01}</UniqueIdentifier>
      <Extensions>rc;ico;cur;bmp;dlg;rc2;rct;bin;rgs;gif;jpg;jpeg;jpe;resx;tiff;tif;png;wav;mfcribbon-ms</Extensions>
    </Filter>
    <Filter Include="Source Files\DataStorage">
      <UniqueIdentifier>{bfc40219-3b42-4f03-9478-553e41d609b9}</UniqueIdentifier>
    </Filter>
    <Filter Include="Header Files\DataStorage">
      <UniqueIdentifier>{dbc80087-6158-4a08-8ac3-c5220fde7f86}</UniqueIdentifier>
    </Filter>
    <Filter Include="Header Files\Utilities">
      <UniqueIdentifier>{233e6ae0-3575-427c-a250-1ba835f80b48}</UniqueIdentifier>
    </Filter>
    <Filter Include="Source Files\Utilities">
      <UniqueIdentifier>{846ee546-6a8a-4354-912f-157b2151a242}</UniqueIdentifier>
    </Filter>
    <Filter Include="Header Files\WebScrapping">
      <UniqueIdentifier>{53344aa6-451b-4f8f-8092-a18e65e5b914}</UniqueIdentifier>
    </Filter>
    <Filter Include="Header Files\Analysis">
      <UniqueIdentifier>{47ec75f7-798b-4596-ad85-c98b8c6d9d0f}</UniqueIdentifier>
    </Filter>
    <Filter Include="Source Files\Analysis">
      <UniqueIdentifier>{bed818e3-6913-4a79-aa35-e39107cb2971}</UniqueIdentifier>
    </Filter>
    <Filter Include="Source Files\WebScrapping">
      <UniqueIdentifier>{ad2b1c54-2d97-49f3-9804-57e07c8a7a4a}</UniqueIdentifier>
    </Filter>
  </ItemGroup>
  <ItemGroup>
    <ClInclude Include="UserInterfaceForm.h">
      <Filter>Header Files</Filter>
    </ClInclude>
    <ClInclude Include="SampleClass.h">
      <Filter>Header Files</Filter>
    </ClInclude>
    <ClInclude Include="SocialMediaPost.h">
      <Filter>Header Files\DataStorage</Filter>
    </ClInclude>
    <ClInclude Include="SocialMediaPostStorage.h">
      <Filter>Header Files\DataStorage</Filter>
    </ClInclude>
    <ClInclude Include="TwitterPost.h">
      <Filter>Header Files\DataStorage</Filter>
    </ClInclude>
    <ClInclude Include="InstagramPost.h">
      <Filter>Header Files\DataStorage</Filter>
    </ClInclude>
    <ClInclude Include="ScrapeStorage.h">
      <Filter>Header Files\DataStorage</Filter>
    </ClInclude>
    <ClInclude Include="SocialMediaComment.h">
      <Filter>Header Files\DataStorage</Filter>
    </ClInclude>
    <ClInclude Include="InstagramScrapper.h">
      <Filter>Header Files\WebScrapping</Filter>
    </ClInclude>
    <ClInclude Include="Bridge.h">
      <Filter>Header Files\WebScrapping</Filter>
    </ClInclude>
    <ClInclude Include="FileUtility.h">
      <Filter>Header Files\Utilities</Filter>
    </ClInclude>
    <ClInclude Include="CurlObj.h">
      <Filter>Header Files\WebScrapping</Filter>
    </ClInclude>
    <ClInclude Include="macros.h">
      <Filter>Header Files</Filter>
    </ClInclude>
    <ClInclude Include="DateTimeUtility.h">
      <Filter>Header Files\Utilities</Filter>
    </ClInclude>
    <ClInclude Include="OCR.h">
      <Filter>Header Files</Filter>
    </ClInclude>
    <ClInclude Include="DataAnalyser.h">
      <Filter>Header Files\Analysis</Filter>
    </ClInclude>
    <ClInclude Include="TwitterScraper.h">
      <Filter>Header Files\WebScrapping</Filter>
    </ClInclude>
    <ClInclude Include="AnalysedData.h">
      <Filter>Header Files\Analysis</Filter>
    </ClInclude>
  </ItemGroup>
  <ItemGroup>
    <ClCompile Include="UserInterfaceForm.cpp">
      <Filter>Source Files</Filter>
    </ClCompile>
    <ClCompile Include="main.cpp">
      <Filter>Source Files</Filter>
    </ClCompile>
    <ClCompile Include="SampleClass.cpp">
      <Filter>Source Files</Filter>
    </ClCompile>
    <ClCompile Include="Bridge.cpp">
      <Filter>Source Files\WebScrapping</Filter>
    </ClCompile>
    <ClCompile Include="InstagramScrapper.cpp">
      <Filter>Source Files\WebScrapping</Filter>
    </ClCompile>
    <ClCompile Include="TwitterPost.cpp">
      <Filter>Source Files\DataStorage</Filter>
    </ClCompile>
    <ClCompile Include="InstagramPost.cpp">
      <Filter>Source Files\DataStorage</Filter>
    </ClCompile>
    <ClCompile Include="ScrapeStorage.cpp">
      <Filter>Source Files\DataStorage</Filter>
    </ClCompile>
    <ClCompile Include="SocialMediaComment.cpp">
      <Filter>Source Files\DataStorage</Filter>
    </ClCompile>
    <ClCompile Include="SocialMediaPost.cpp">
      <Filter>Source Files\DataStorage</Filter>
    </ClCompile>
    <ClCompile Include="SocialMediaPostStorage.cpp">
      <Filter>Source Files\DataStorage</Filter>
    </ClCompile>
    <ClCompile Include="FileUtility.cpp">
      <Filter>Source Files\Utilities</Filter>
    </ClCompile>
    <ClCompile Include="CurlObj.cpp">
      <Filter>Source Files\WebScrapping</Filter>
    </ClCompile>
    <ClCompile Include="DateTimeUtility.cpp">
      <Filter>Source Files\Utilities</Filter>
    </ClCompile>
    <ClCompile Include="OCR.cpp">
      <Filter>Source Files</Filter>
    </ClCompile>
    <ClCompile Include="DataAnalyser.cpp">
      <Filter>Source Files\Analysis</Filter>
    </ClCompile>
    <ClCompile Include="TwitterScraper.cpp">
      <Filter>Source Files\WebScrapping</Filter>
    </ClCompile>
    <ClCompile Include="AnalysedData.cpp">
      <Filter>Source Files\Analysis</Filter>
    </ClCompile>
  </ItemGroup>
  <ItemGroup>
    <EmbeddedResource Include="UserInterfaceForm.resx">
      <Filter>Resource Files</Filter>
    </EmbeddedResource>
  </ItemGroup>
</Project>